# This file is autogenerated, do not edit; changes may be undone by the next 'dep ensure'.


[[projects]]
  name = "github.com/aws/aws-lambda-go"
  packages = [
    "lambda",
    "lambda/handlertrace",
    "lambda/messages",
    "lambdacontext"
  ]
  revision = "e5086e5a7e53f7039034fa29008221760b04ff79"
  version = "v1.13.2"

[[projects]]
  name = "github.com/aws/aws-sdk-go"
  packages = [
    "aws",
    "aws/awserr",
    "aws/awsutil",
    "aws/client",
    "aws/client/metadata",
    "aws/corehandlers",
    "aws/credentials",
    "aws/credentials/ec2rolecreds",
    "aws/credentials/endpointcreds",
    "aws/credentials/processcreds",
    "aws/credentials/stscreds",
    "aws/crr",
    "aws/csm",
    "aws/defaults",
    "aws/ec2metadata",
    "aws/endpoints",
    "aws/request",
    "aws/session",
    "aws/signer/v4",
    "internal/ini",
    "internal/sdkio",
    "internal/sdkmath",
    "internal/sdkrand",
    "internal/sdkuri",
    "internal/shareddefaults",
    "private/protocol",
    "private/protocol/json/jsonutil",
    "private/protocol/jsonrpc",
    "private/protocol/query",
    "private/protocol/query/queryutil",
    "private/protocol/rest",
    "private/protocol/xml/xmlutil",
    "service/dynamodb",
    "service/dynamodb/dynamodbattribute",
    "service/dynamodb/expression",
    "service/sts",
    "service/sts/stsiface"
  ]
  revision = "e8395d83f2fef980d5c2beb88c596e382236e21e"
  version = "v1.23.21"

[[projects]]
  branch = "develop"
  name = "github.com/go-telegram-bot-api/telegram-bot-api"
  packages = ["."]
  revision = "ffe77fb717d3cda2df08269a6362c49ccab11ebf"

[[projects]]
  name = "github.com/jmespath/go-jmespath"
  packages = ["."]
  revision = "c2b33e84"

[[projects]]
  name = "github.com/pkg/errors"
  packages = ["."]
  revision = "ba968bfe8b2f7e042a574c888954fccecfa385b4"
  version = "v0.8.1"

[[projects]]
  name = "github.com/rs/xid"
  packages = ["."]
  revision = "15d26544def341f036c5f8dca987a4cbe575032c"
  version = "v1.2.1"

[[projects]]
  name = "github.com/technoweenie/multipartstreamer"
  packages = ["."]
  revision = "a90a01d73ae432e2611d178c18367fbaa13e0154"
  version = "v1.0.1"

[[projects]]
  branch = "master"
  name = "github.com/zpnk/go-bitly"
  packages = ["."]
  revision = "2da97f724d1de30209b291f7870658888e304cca"

[solve-meta]
  analyzer-name = "dep"
  analyzer-version = 1
  inputs-digest = "d58982130279f29e479986d56e816842943b76cddbeb7aa00c607a7d01a5a557"
  solver-name = "gps-cdcl"
  solver-version = 1
